
Microsoft Visual Studio Solution File, Format Version 12.00
# Visual Studio Version 17
VisualStudioVersion = 17.2.32526.322
MinimumVisualStudioVersion = 10.0.40219.1
Project("{FAE04EC0-301F-11D3-BF4B-00C04F79EFBC}") = "ChessClubApi", "ChessClubApi.csproj", "{3023B917-BE44-4B15-81FF-55A182E1BBCE}"
EndProject
Global
	GlobalSection(SolutionConfigurationPlatforms) = preSolution
		Debug|Any CPU = Debug|Any CPU
		Release|Any CPU = Release|Any CPU
	EndGlobalSection
	GlobalSection(ProjectConfigurationPlatforms) = postSolution
		{3023B917-BE44-4B15-81FF-55A182E1BBCE}.Debug|Any CPU.ActiveCfg = Debug|Any CPU
		{3023B917-BE44-4B15-81FF-55A182E1BBCE}.Debug|Any CPU.Build.0 = Debug|Any CPU
		{3023B917-BE44-4B15-81FF-55A182E1BBCE}.Release|Any CPU.ActiveCfg = Release|Any CPU
		{3023B917-BE44-4B15-81FF-55A182E1BBCE}.Release|Any CPU.Build.0 = Release|Any CPU
	EndGlobalSection
	GlobalSection(SolutionProperties) = preSolution
		HideSolutionNode = FALSE
	EndGlobalSection
	GlobalSection(ExtensibilityGlobals) = postSolution
		SolutionGuid = {6E0A4281-2804-4D01-9BB4-8EB4B7EEF8AF}
	EndGlobalSection
EndGlobal
